// !$*UTF8*$!
{
	archiveVersion = 1;
	classes = {
	};
	objectVersion = 46;
	objects = {

/* Begin PBXBuildFile section */
		D55C74C01864DD900024C136 /* Foundation.framework in Frameworks */ = {isa = PBXBuildFile; fileRef = D55C74BF1864DD900024C136 /* Foundation.framework */; };
		D55C74C21864DD900024C136 /* CoreGraphics.framework in Frameworks */ = {isa = PBXBuildFile; fileRef = D55C74C11864DD900024C136 /* CoreGraphics.framework */; };
		D55C74C41864DD900024C136 /* UIKit.framework in Frameworks */ = {isa = PBXBuildFile; fileRef = D55C74C31864DD900024C136 /* UIKit.framework */; };
		D55C74CA1864DD900024C136 /* InfoPlist.strings in Resources */ = {isa = PBXBuildFile; fileRef = D55C74C81864DD900024C136 /* InfoPlist.strings */; };
		D55C74CC1864DD900024C136 /* main.m in Sources */ = {isa = PBXBuildFile; fileRef = D55C74CB1864DD900024C136 /* main.m */; };
		D55C74D01864DD900024C136 /* AppDelegate.m in Sources */ = {isa = PBXBuildFile; fileRef = D55C74CF1864DD900024C136 /* AppDelegate.m */; };
		D55C74D31864DD900024C136 /* Main_iPhone.storyboard in Resources */ = {isa = PBXBuildFile; fileRef = D55C74D11864DD900024C136 /* Main_iPhone.storyboard */; };
		D55C74D61864DD900024C136 /* Main_iPad.storyboard in Resources */ = {isa = PBXBuildFile; fileRef = D55C74D41864DD900024C136 /* Main_iPad.storyboard */; };
		D55C74D91864DD900024C136 /* ViewController.m in Sources */ = {isa = PBXBuildFile; fileRef = D55C74D81864DD900024C136 /* ViewController.m */; };
		D55C74DB1864DD900024C136 /* Images.xcassets in Resources */ = {isa = PBXBuildFile; fileRef = D55C74DA1864DD900024C136 /* Images.xcassets */; };
		D55C74E21864DD900024C136 /* XCTest.framework in Frameworks */ = {isa = PBXBuildFile; fileRef = D55C74E11864DD900024C136 /* XCTest.framework */; };
		D55C74E31864DD900024C136 /* Foundation.framework in Frameworks */ = {isa = PBXBuildFile; fileRef = D55C74BF1864DD900024C136 /* Foundation.framework */; };
		D55C74E41864DD900024C136 /* UIKit.framework in Frameworks */ = {isa = PBXBuildFile; fileRef = D55C74C31864DD900024C136 /* UIKit.framework */; };
		D55C74EC1864DD900024C136 /* InfoPlist.strings in Resources */ = {isa = PBXBuildFile; fileRef = D55C74EA1864DD900024C136 /* InfoPlist.strings */; };
		D55C74EE1864DD900024C136 /* GramTests.m in Sources */ = {isa = PBXBuildFile; fileRef = D55C74ED1864DD900024C136 /* GramTests.m */; };
		D55C75011864FC8E0024C136 /* coffee.png in Resources */ = {isa = PBXBuildFile; fileRef = D55C74F81864FC8E0024C136 /* coffee.png */; };
		D55C75021864FC8E0024C136 /* dessert.png in Resources */ = {isa = PBXBuildFile; fileRef = D55C74F91864FC8E0024C136 /* dessert.png */; };
		D55C75031864FC8E0024C136 /* drink.png in Resources */ = {isa = PBXBuildFile; fileRef = D55C74FA1864FC8E0024C136 /* drink.png */; };
		D55C75041864FC8E0024C136 /* junkfood.png in Resources */ = {isa = PBXBuildFile; fileRef = D55C74FB1864FC8E0024C136 /* junkfood.png */; };
		D55C75051864FC8E0024C136 /* meal-lg.png in Resources */ = {isa = PBXBuildFile; fileRef = D55C74FC1864FC8E0024C136 /* meal-lg.png */; };
		D55C75061864FC8E0024C136 /* meal-reg.png in Resources */ = {isa = PBXBuildFile; fileRef = D55C74FD1864FC8E0024C136 /* meal-reg.png */; };
		D55C75071864FC8E0024C136 /* meal-sm.png in Resources */ = {isa = PBXBuildFile; fileRef = D55C74FE1864FC8E0024C136 /* meal-sm.png */; };
		D55C75081864FC8E0024C136 /* snack.png in Resources */ = {isa = PBXBuildFile; fileRef = D55C74FF1864FC8E0024C136 /* snack.png */; };
		D55C75091864FC8E0024C136 /* water.png in Resources */ = {isa = PBXBuildFile; fileRef = D55C75001864FC8E0024C136 /* water.png */; };
/* End PBXBuildFile section */

/* Begin PBXContainerItemProxy section */
		D55C74E51864DD900024C136 /* PBXContainerItemProxy */ = {
			isa = PBXContainerItemProxy;
			containerPortal = D55C74B41864DD900024C136 /* Project object */;
			proxyType = 1;
			remoteGlobalIDString = D55C74BB1864DD900024C136;
			remoteInfo = Gram;
		};
/* End PBXContainerItemProxy section */

/* Begin PBXFileReference section */
		D55C74BC1864DD900024C136 /* Gram.app */ = {isa = PBXFileReference; explicitFileType = wrapper.application; includeInIndex = 0; path = Gram.app; sourceTree = BUILT_PRODUCTS_DIR; };
		D55C74BF1864DD900024C136 /* Foundation.framework */ = {isa = PBXFileReference; lastKnownFileType = wrapper.framework; name = Foundation.framework; path = System/Library/Frameworks/Foundation.framework; sourceTree = SDKROOT; };
		D55C74C11864DD900024C136 /* CoreGraphics.framework */ = {isa = PBXFileReference; lastKnownFileType = wrapper.framework; name = CoreGraphics.framework; path = System/Library/Frameworks/CoreGraphics.framework; sourceTree = SDKROOT; };
		D55C74C31864DD900024C136 /* UIKit.framework */ = {isa = PBXFileReference; lastKnownFileType = wrapper.framework; name = UIKit.framework; path = System/Library/Frameworks/UIKit.framework; sourceTree = SDKROOT; };
		D55C74C71864DD900024C136 /* Gram-Info.plist */ = {isa = PBXFileReference; lastKnownFileType = text.plist.xml; path = "Gram-Info.plist"; sourceTree = "<group>"; };
		D55C74C91864DD900024C136 /* en */ = {isa = PBXFileReference; lastKnownFileType = text.plist.strings; name = en; path = en.lproj/InfoPlist.strings; sourceTree = "<group>"; };
		D55C74CB1864DD900024C136 /* main.m */ = {isa = PBXFileReference; lastKnownFileType = sourcecode.c.objc; path = main.m; sourceTree = "<group>"; };
		D55C74CD1864DD900024C136 /* Gram-Prefix.pch */ = {isa = PBXFileReference; lastKnownFileType = sourcecode.c.h; path = "Gram-Prefix.pch"; sourceTree = "<group>"; };
		D55C74CE1864DD900024C136 /* AppDelegate.h */ = {isa = PBXFileReference; lastKnownFileType = sourcecode.c.h; path = AppDelegate.h; sourceTree = "<group>"; };
		D55C74CF1864DD900024C136 /* AppDelegate.m */ = {isa = PBXFileReference; lastKnownFileType = sourcecode.c.objc; path = AppDelegate.m; sourceTree = "<group>"; };
		D55C74D21864DD900024C136 /* Base */ = {isa = PBXFileReference; lastKnownFileType = file.storyboard; name = Base; path = Base.lproj/Main_iPhone.storyboard; sourceTree = "<group>"; };
		D55C74D51864DD900024C136 /* Base */ = {isa = PBXFileReference; lastKnownFileType = file.storyboard; name = Base; path = Base.lproj/Main_iPad.storyboard; sourceTree = "<group>"; };
		D55C74D71864DD900024C136 /* ViewController.h */ = {isa = PBXFileReference; lastKnownFileType = sourcecode.c.h; path = ViewController.h; sourceTree = "<group>"; };
		D55C74D81864DD900024C136 /* ViewController.m */ = {isa = PBXFileReference; lastKnownFileType = sourcecode.c.objc; path = ViewController.m; sourceTree = "<group>"; };
		D55C74DA1864DD900024C136 /* Images.xcassets */ = {isa = PBXFileReference; lastKnownFileType = folder.assetcatalog; path = Images.xcassets; sourceTree = "<group>"; };
		D55C74E01864DD900024C136 /* GramTests.xctest */ = {isa = PBXFileReference; explicitFileType = wrapper.cfbundle; includeInIndex = 0; path = GramTests.xctest; sourceTree = BUILT_PRODUCTS_DIR; };
		D55C74E11864DD900024C136 /* XCTest.framework */ = {isa = PBXFileReference; lastKnownFileType = wrapper.framework; name = XCTest.framework; path = Library/Frameworks/XCTest.framework; sourceTree = DEVELOPER_DIR; };
		D55C74E91864DD900024C136 /* GramTests-Info.plist */ = {isa = PBXFileReference; lastKnownFileType = text.plist.xml; path = "GramTests-Info.plist"; sourceTree = "<group>"; };
		D55C74EB1864DD900024C136 /* en */ = {isa = PBXFileReference; lastKnownFileType = text.plist.strings; name = en; path = en.lproj/InfoPlist.strings; sourceTree = "<group>"; };
		D55C74ED1864DD900024C136 /* GramTests.m */ = {isa = PBXFileReference; lastKnownFileType = sourcecode.c.objc; path = GramTests.m; sourceTree = "<group>"; };
		D55C74F81864FC8E0024C136 /* coffee.png */ = {isa = PBXFileReference; lastKnownFileType = image.png; path = coffee.png; sourceTree = "<group>"; };
		D55C74F91864FC8E0024C136 /* dessert.png */ = {isa = PBXFileReference; lastKnownFileType = image.png; path = dessert.png; sourceTree = "<group>"; };
		D55C74FA1864FC8E0024C136 /* drink.png */ = {isa = PBXFileReference; lastKnownFileType = image.png; path = drink.png; sourceTree = "<group>"; };
		D55C74FB1864FC8E0024C136 /* junkfood.png */ = {isa = PBXFileReference; lastKnownFileType = image.png; path = junkfood.png; sourceTree = "<group>"; };
		D55C74FC1864FC8E0024C136 /* meal-lg.png */ = {isa = PBXFileReference; lastKnownFileType = image.png; path = "meal-lg.png"; sourceTree = "<group>"; };
		D55C74FD1864FC8E0024C136 /* meal-reg.png */ = {isa = PBXFileReference; lastKnownFileType = image.png; path = "meal-reg.png"; sourceTree = "<group>"; };
		D55C74FE1864FC8E0024C136 /* meal-sm.png */ = {isa = PBXFileReference; lastKnownFileType = image.png; path = "meal-sm.png"; sourceTree = "<group>"; };
		D55C74FF1864FC8E0024C136 /* snack.png */ = {isa = PBXFileReference; lastKnownFileType = image.png; path = snack.png; sourceTree = "<group>"; };
		D55C75001864FC8E0024C136 /* water.png */ = {isa = PBXFileReference; lastKnownFileType = image.png; path = water.png; sourceTree = "<group>"; };
/* End PBXFileReference section */

/* Begin PBXFrameworksBuildPhase section */
		D55C74B91864DD900024C136 /* Frameworks */ = {
			isa = PBXFrameworksBuildPhase;
			buildActionMask = 2147483647;
			files = (
				D55C74C21864DD900024C136 /* CoreGraphics.framework in Frameworks */,
				D55C74C41864DD900024C136 /* UIKit.framework in Frameworks */,
				D55C74C01864DD900024C136 /* Foundation.framework in Frameworks */,
			);
			runOnlyForDeploymentPostprocessing = 0;
		};
		D55C74DD1864DD900024C136 /* Frameworks */ = {
			isa = PBXFrameworksBuildPhase;
			buildActionMask = 2147483647;
			files = (
				D55C74E21864DD900024C136 /* XCTest.framework in Frameworks */,
				D55C74E41864DD900024C136 /* UIKit.framework in Frameworks */,
				D55C74E31864DD900024C136 /* Foundation.framework in Frameworks */,
			);
			runOnlyForDeploymentPostprocessing = 0;
		};
/* End PBXFrameworksBuildPhase section */

/* Begin PBXGroup section */
		D55C74B31864DD900024C136 = {
			isa = PBXGroup;
			children = (
				D55C74C51864DD900024C136 /* Gram */,
				D55C74E71864DD900024C136 /* GramTests */,
				D55C74BE1864DD900024C136 /* Frameworks */,
				D55C74BD1864DD900024C136 /* Products */,
			);
			sourceTree = "<group>";
		};
		D55C74BD1864DD900024C136 /* Products */ = {
			isa = PBXGroup;
			children = (
				D55C74BC1864DD900024C136 /* Gram.app */,
				D55C74E01864DD900024C136 /* GramTests.xctest */,
			);
			name = Products;
			sourceTree = "<group>";
		};
		D55C74BE1864DD900024C136 /* Frameworks */ = {
			isa = PBXGroup;
			children = (
				D55C74BF1864DD900024C136 /* Foundation.framework */,
				D55C74C11864DD900024C136 /* CoreGraphics.framework */,
				D55C74C31864DD900024C136 /* UIKit.framework */,
				D55C74E11864DD900024C136 /* XCTest.framework */,
			);
			name = Frameworks;
			sourceTree = "<group>";
		};
		D55C74C51864DD900024C136 /* Gram */ = {
			isa = PBXGroup;
			children = (
				D55C74CE1864DD900024C136 /* AppDelegate.h */,
				D55C74CF1864DD900024C136 /* AppDelegate.m */,
				D55C74D11864DD900024C136 /* Main_iPhone.storyboard */,
				D55C74D41864DD900024C136 /* Main_iPad.storyboard */,
				D55C74D71864DD900024C136 /* ViewController.h */,
				D55C74D81864DD900024C136 /* ViewController.m */,
				D55C74F71864FC8E0024C136 /* icons-400 */,
				D55C74DA1864DD900024C136 /* Images.xcassets */,
				D55C74C61864DD900024C136 /* Supporting Files */,
			);
			path = Gram;
			sourceTree = "<group>";
		};
		D55C74C61864DD900024C136 /* Supporting Files */ = {
			isa = PBXGroup;
			children = (
				D55C74C71864DD900024C136 /* Gram-Info.plist */,
				D55C74C81864DD900024C136 /* InfoPlist.strings */,
				D55C74CB1864DD900024C136 /* main.m */,
				D55C74CD1864DD900024C136 /* Gram-Prefix.pch */,
			);
			name = "Supporting Files";
			sourceTree = "<group>";
		};
		D55C74E71864DD900024C136 /* GramTests */ = {
			isa = PBXGroup;
			children = (
				D55C74ED1864DD900024C136 /* GramTests.m */,
				D55C74E81864DD900024C136 /* Supporting Files */,
			);
			path = GramTests;
			sourceTree = "<group>";
		};
		D55C74E81864DD900024C136 /* Supporting Files */ = {
			isa = PBXGroup;
			children = (
				D55C74E91864DD900024C136 /* GramTests-Info.plist */,
				D55C74EA1864DD900024C136 /* InfoPlist.strings */,
			);
			name = "Supporting Files";
			sourceTree = "<group>";
		};
		D55C74F71864FC8E0024C136 /* icons-400 */ = {
			isa = PBXGroup;
			children = (
				D55C74F81864FC8E0024C136 /* coffee.png */,
				D55C74F91864FC8E0024C136 /* dessert.png */,
				D55C74FA1864FC8E0024C136 /* drink.png */,
				D55C74FB1864FC8E0024C136 /* junkfood.png */,
				D55C74FC1864FC8E0024C136 /* meal-lg.png */,
				D55C74FD1864FC8E0024C136 /* meal-reg.png */,
				D55C74FE1864FC8E0024C136 /* meal-sm.png */,
				D55C74FF1864FC8E0024C136 /* snack.png */,
				D55C75001864FC8E0024C136 /* water.png */,
			);
			path = "icons-400";
			sourceTree = "<group>";
		};
/* End PBXGroup section */

/* Begin PBXNativeTarget section */
		D55C74BB1864DD900024C136 /* Gram */ = {
			isa = PBXNativeTarget;
			buildConfigurationList = D55C74F11864DD900024C136 /* Build configuration list for PBXNativeTarget "Gram" */;
			buildPhases = (
				D55C74B81864DD900024C136 /* Sources */,
				D55C74B91864DD900024C136 /* Frameworks */,
				D55C74BA1864DD900024C136 /* Resources */,
			);
			buildRules = (
			);
			dependencies = (
			);
			name = Gram;
			productName = Gram;
			productReference = D55C74BC1864DD900024C136 /* Gram.app */;
			productType = "com.apple.product-type.application";
		};
		D55C74DF1864DD900024C136 /* GramTests */ = {
			isa = PBXNativeTarget;
			buildConfigurationList = D55C74F41864DD900024C136 /* Build configuration list for PBXNativeTarget "GramTests" */;
			buildPhases = (
				D55C74DC1864DD900024C136 /* Sources */,
				D55C74DD1864DD900024C136 /* Frameworks */,
				D55C74DE1864DD900024C136 /* Resources */,
			);
			buildRules = (
			);
			dependencies = (
				D55C74E61864DD900024C136 /* PBXTargetDependency */,
			);
			name = GramTests;
			productName = GramTests;
			productReference = D55C74E01864DD900024C136 /* GramTests.xctest */;
			productType = "com.apple.product-type.bundle.unit-test";
		};
/* End PBXNativeTarget section */

/* Begin PBXProject section */
		D55C74B41864DD900024C136 /* Project object */ = {
			isa = PBXProject;
			attributes = {
				LastUpgradeCheck = 0500;
				ORGANIZATIONNAME = "Robby Kraft";
				TargetAttributes = {
					D55C74DF1864DD900024C136 = {
						TestTargetID = D55C74BB1864DD900024C136;
					};
				};
			};
			buildConfigurationList = D55C74B71864DD900024C136 /* Build configuration list for PBXProject "Gram" */;
			compatibilityVersion = "Xcode 3.2";
			developmentRegion = English;
			hasScannedForEncodings = 0;
			knownRegions = (
				en,
				Base,
			);
			mainGroup = D55C74B31864DD900024C136;
			productRefGroup = D55C74BD1864DD900024C136 /* Products */;
			projectDirPath = "";
			projectRoot = "";
			targets = (
				D55C74BB1864DD900024C136 /* Gram */,
				D55C74DF1864DD900024C136 /* GramTests */,
			);
		};
/* End PBXProject section */

/* Begin PBXResourcesBuildPhase section */
		D55C74BA1864DD900024C136 /* Resources */ = {
			isa = PBXResourcesBuildPhase;
			buildActionMask = 2147483647;
			files = (
				D55C75031864FC8E0024C136 /* drink.png in Resources */,
				D55C75011864FC8E0024C136 /* coffee.png in Resources */,
				D55C74D61864DD900024C136 /* Main_iPad.storyboard in Resources */,
				D55C74DB1864DD900024C136 /* Images.xcassets in Resources */,
				D55C75081864FC8E0024C136 /* snack.png in Resources */,
				D55C75091864FC8E0024C136 /* water.png in Resources */,
				D55C74D31864DD900024C136 /* Main_iPhone.storyboard in Resources */,
				D55C75021864FC8E0024C136 /* dessert.png in Resources */,
				D55C74CA1864DD900024C136 /* InfoPlist.strings in Resources */,
				D55C75041864FC8E0024C136 /* junkfood.png in Resources */,
				D55C75051864FC8E0024C136 /* meal-lg.png in Resources */,
				D55C75071864FC8E0024C136 /* meal-sm.png in Resources */,
				D55C75061864FC8E0024C136 /* meal-reg.png in Resources */,
			);
			runOnlyForDeploymentPostprocessing = 0;
		};
		D55C74DE1864DD900024C136 /* Resources */ = {
			isa = PBXResourcesBuildPhase;
			buildActionMask = 2147483647;
			files = (
				D55C74EC1864DD900024C136 /* InfoPlist.strings in Resources */,
			);
			runOnlyForDeploymentPostprocessing = 0;
		};
/* End PBXResourcesBuildPhase section */

/* Begin PBXSourcesBuildPhase section */
		D55C74B81864DD900024C136 /* Sources */ = {
			isa = PBXSourcesBuildPhase;
			buildActionMask = 2147483647;
			files = (
				D55C74D91864DD900024C136 /* ViewController.m in Sources */,
				D55C74D01864DD900024C136 /* AppDelegate.m in Sources */,
				D55C74CC1864DD900024C136 /* main.m in Sources */,
			);
			runOnlyForDeploymentPostprocessing = 0;
		};
		D55C74DC1864DD900024C136 /* Sources */ = {
			isa = PBXSourcesBuildPhase;
			buildActionMask = 2147483647;
			files = (
				D55C74EE1864DD900024C136 /* GramTests.m in Sources */,
			);
			runOnlyForDeploymentPostprocessing = 0;
		};
/* End PBXSourcesBuildPhase section */

/* Begin PBXTargetDependency section */
		D55C74E61864DD900024C136 /* PBXTargetDependency */ = {
			isa = PBXTargetDependency;
			target = D55C74BB1864DD900024C136 /* Gram */;
			targetProxy = D55C74E51864DD900024C136 /* PBXContainerItemProxy */;
		};
/* End PBXTargetDependency section */

/* Begin PBXVariantGroup section */
		D55C74C81864DD900024C136 /* InfoPlist.strings */ = {
			isa = PBXVariantGroup;
			children = (
				D55C74C91864DD900024C136 /* en */,
			);
			name = InfoPlist.strings;
			sourceTree = "<group>";
		};
		D55C74D11864DD900024C136 /* Main_iPhone.storyboard */ = {
			isa = PBXVariantGroup;
			children = (
				D55C74D21864DD900024C136 /* Base */,
			);
			name = Main_iPhone.storyboard;
			sourceTree = "<group>";
		};
		D55C74D41864DD900024C136 /* Main_iPad.storyboard */ = {
			isa = PBXVariantGroup;
			children = (
				D55C74D51864DD900024C136 /* Base */,
			);
			name = Main_iPad.storyboard;
			sourceTree = "<group>";
		};
		D55C74EA1864DD900024C136 /* InfoPlist.strings */ = {
			isa = PBXVariantGroup;
			children = (
				D55C74EB1864DD900024C136 /* en */,
			);
			name = InfoPlist.strings;
			sourceTree = "<group>";
		};
/* End PBXVariantGroup section */

/* Begin XCBuildConfiguration section */
		D55C74EF1864DD900024C136 /* Debug */ = {
			isa = XCBuildConfiguration;
			buildSettings = {
				ALWAYS_SEARCH_USER_PATHS = NO;
				ARCHS = "$(ARCHS_STANDARD_INCLUDING_64_BIT)";
				CLANG_CXX_LANGUAGE_STANDARD = "gnu++0x";
				CLANG_CXX_LIBRARY = "libc++";
				CLANG_ENABLE_MODULES = YES;
				CLANG_ENABLE_OBJC_ARC = YES;
				CLANG_WARN_BOOL_CONVERSION = YES;
				CLANG_WARN_CONSTANT_CONVERSION = YES;
				CLANG_WARN_DIRECT_OBJC_ISA_USAGE = YES_ERROR;
				CLANG_WARN_EMPTY_BODY = YES;
				CLANG_WARN_ENUM_CONVERSION = YES;
				CLANG_WARN_INT_CONVERSION = YES;
				CLANG_WARN_OBJC_ROOT_CLASS = YES_ERROR;
				CLANG_WARN__DUPLICATE_METHOD_MATCH = YES;
				"CODE_SIGN_IDENTITY[sdk=iphoneos*]" = "iPhone Developer";
				COPY_PHASE_STRIP = NO;
				GCC_C_LANGUAGE_STANDARD = gnu99;
				GCC_DYNAMIC_NO_PIC = NO;
				GCC_OPTIMIZATION_LEVEL = 0;
				GCC_PREPROCESSOR_DEFINITIONS = (
					"DEBUG=1",
					"$(inherited)",
				);
				GCC_SYMBOLS_PRIVATE_EXTERN = NO;
				GCC_WARN_64_TO_32_BIT_CONVERSION = YES;
				GCC_WARN_ABOUT_RETURN_TYPE = YES_ERROR;
				GCC_WARN_UNDECLARED_SELECTOR = YES;
				GCC_WARN_UNINITIALIZED_AUTOS = YES;
				GCC_WARN_UNUSED_FUNCTION = YES;
				GCC_WARN_UNUSED_VARIABLE = YES;
				IPHONEOS_DEPLOYMENT_TARGET = 7.0;
				ONLY_ACTIVE_ARCH = YES;
				SDKROOT = iphoneos;
				TARGETED_DEVICE_FAMILY = "1,2";
			};
			name = Debug;
		};
		D55C74F01864DD900024C136 /* Release */ = {
			isa = XCBuildConfiguration;
			buildSettings = {
				ALWAYS_SEARCH_USER_PATHS = NO;
				ARCHS = "$(ARCHS_STANDARD_INCLUDING_64_BIT)";
				CLANG_CXX_LANGUAGE_STANDARD = "gnu++0x";
				CLANG_CXX_LIBRARY = "libc++";
				CLANG_ENABLE_MODULES = YES;
				CLANG_ENABLE_OBJC_ARC = YES;
				CLANG_WARN_BOOL_CONVERSION = YES;
				CLANG_WARN_CONSTANT_CONVERSION = YES;
				CLANG_WARN_DIRECT_OBJC_ISA_USAGE = YES_ERROR;
				CLANG_WARN_EMPTY_BODY = YES;
				CLANG_WARN_ENUM_CONVERSION = YES;
				CLANG_WARN_INT_CONVERSION = YES;
				CLANG_WARN_OBJC_ROOT_CLASS = YES_ERROR;
				CLANG_WARN__DUPLICATE_METHOD_MATCH = YES;
				"CODE_SIGN_IDENTITY[sdk=iphoneos*]" = "iPhone Developer";
				COPY_PHASE_STRIP = YES;
				ENABLE_NS_ASSERTIONS = NO;
				GCC_C_LANGUAGE_STANDARD = gnu99;
				GCC_WARN_64_TO_32_BIT_CONVERSION = YES;
				GCC_WARN_ABOUT_RETURN_TYPE = YES_ERROR;
				GCC_WARN_UNDECLARED_SELECTOR = YES;
				GCC_WARN_UNINITIALIZED_AUTOS = YES;
				GCC_WARN_UNUSED_FUNCTION = YES;
				GCC_WARN_UNUSED_VARIABLE = YES;
				IPHONEOS_DEPLOYMENT_TARGET = 7.0;
				SDKROOT = iphoneos;
				TARGETED_DEVICE_FAMILY = "1,2";
				VALIDATE_PRODUCT = YES;
			};
			name = Release;
		};
		D55C74F21864DD900024C136 /* Debug */ = {
			isa = XCBuildConfiguration;
			buildSettings = {
				ASSETCATALOG_COMPILER_APPICON_NAME = AppIcon;
				ASSETCATALOG_COMPILER_LAUNCHIMAGE_NAME = LaunchImage;
				GCC_PRECOMPILE_PREFIX_HEADER = YES;
				GCC_PREFIX_HEADER = "Gram/Gram-Prefix.pch";
				INFOPLIST_FILE = "Gram/Gram-Info.plist";
				IPHONEOS_DEPLOYMENT_TARGET = 6.0;
				PRODUCT_NAME = "$(TARGET_NAME)";
				WRAPPER_EXTENSION = app;
			};
			name = Debug;
		};
		D55C74F31864DD900024C136 /* Release */ = {
			isa = XCBuildConfiguration;
			buildSettings = {
				ASSETCATALOG_COMPILER_APPICON_NAME = AppIcon;
				ASSETCATALOG_COMPILER_LAUNCHIMAGE_NAME = LaunchImage;
				GCC_PRECOMPILE_PREFIX_HEADER = YES;
				GCC_PREFIX_HEADER = "Gram/Gram-Prefix.pch";
				INFOPLIST_FILE = "Gram/Gram-Info.plist";
				IPHONEOS_DEPLOYMENT_TARGET = 6.0;
				PRODUCT_NAME = "$(TARGET_NAME)";
				WRAPPER_EXTENSION = app;
			};
			name = Release;
		};
		D55C74F51864DD900024C136 /* Debug */ = {
			isa = XCBuildConfiguration;
			buildSettings = {
				ARCHS = "$(ARCHS_STANDARD_INCLUDING_64_BIT)";
				BUNDLE_LOADER = "$(BUILT_PRODUCTS_DIR)/Gram.app/Gram";
				FRAMEWORK_SEARCH_PATHS = (
					"$(SDKROOT)/Developer/Library/Frameworks",
					"$(inherited)",
					"$(DEVELOPER_FRAMEWORKS_DIR)",
				);
				GCC_PRECOMPILE_PREFIX_HEADER = YES;
				GCC_PREFIX_HEADER = "Gram/Gram-Prefix.pch";
				GCC_PREPROCESSOR_DEFINITIONS = (
					"DEBUG=1",
					"$(inherited)",
				);
				INFOPLIST_FILE = "GramTests/GramTests-Info.plist";
				PRODUCT_NAME = "$(TARGET_NAME)";
				TEST_HOST = "$(BUNDLE_LOADER)";
				WRAPPER_EXTENSION = xctest;
			};
			name = Debug;
		};
		D55C74F61864DD900024C136 /* Release */ = {
			isa = XCBuildConfiguration;
			buildSettings = {
				ARCHS = "$(ARCHS_STANDARD_INCLUDING_64_BIT)";
				BUNDLE_LOADER = "$(BUILT_PRODUCTS_DIR)/Gram.app/Gram";
				FRAMEWORK_SEARCH_PATHS = (
					"$(SDKROOT)/Developer/Library/Frameworks",
					"$(inherited)",
					"$(DEVELOPER_FRAMEWORKS_DIR)",
				);
				GCC_PRECOMPILE_PREFIX_HEADER = YES;
				GCC_PREFIX_HEADER = "Gram/Gram-Prefix.pch";
				INFOPLIST_FILE = "GramTests/GramTests-Info.plist";
				PRODUCT_NAME = "$(TARGET_NAME)";
				TEST_HOST = "$(BUNDLE_LOADER)";
				WRAPPER_EXTENSION = xctest;
			};
			name = Release;
		};
/* End XCBuildConfiguration section */

/* Begin XCConfigurationList section */
		D55C74B71864DD900024C136 /* Build configuration list for PBXProject "Gram" */ = {
			isa = XCConfigurationList;
			buildConfigurations = (
				D55C74EF1864DD900024C136 /* Debug */,
				D55C74F01864DD900024C136 /* Release */,
			);
			defaultConfigurationIsVisible = 0;
			defaultConfigurationName = Release;
		};
		D55C74F11864DD900024C136 /* Build configuration list for PBXNativeTarget "Gram" */ = {
			isa = XCConfigurationList;
			buildConfigurations = (
				D55C74F21864DD900024C136 /* Debug */,
				D55C74F31864DD900024C136 /* Release */,
			);
			defaultConfigurationIsVisible = 0;
			defaultConfigurationName = Release;
		};
		D55C74F41864DD900024C136 /* Build configuration list for PBXNativeTarget "GramTests" */ = {
			isa = XCConfigurationList;
			buildConfigurations = (
				D55C74F51864DD900024C136 /* Debug */,
				D55C74F61864DD900024C136 /* Release */,
			);
			defaultConfigurationIsVisible = 0;
			defaultConfigurationName = Release;
		};
/* End XCConfigurationList section */
	};
	rootObject = D55C74B41864DD900024C136 /* Project object */;
}
